
Microsoft Visual Studio Solution File, Format Version 12.00
# Visual Studio Version 16
VisualStudioVersion = 16.0.29920.165
MinimumVisualStudioVersion = 10.0.40219.1
Project("{FAE04EC0-301F-11D3-BF4B-00C04F79EFBC}") = "PIGUE", "PIGUE.csproj", "{4557147F-EC01-416B-8E45-B45D4F6EE5C2}"
EndProject
Global
	GlobalSection(SolutionConfigurationPlatforms) = preSolution
		Debug|Any CPU = Debug|Any CPU
		Release|Any CPU = Release|Any CPU
	EndGlobalSection
	GlobalSection(ProjectConfigurationPlatforms) = postSolution
		{4557147F-EC01-416B-8E45-B45D4F6EE5C2}.Debug|Any CPU.ActiveCfg = Debug|Any CPU
		{4557147F-EC01-416B-8E45-B45D4F6EE5C2}.Debug|Any CPU.Build.0 = Debug|Any CPU
		{4557147F-EC01-416B-8E45-B45D4F6EE5C2}.Release|Any CPU.ActiveCfg = Release|Any CPU
		{4557147F-EC01-416B-8E45-B45D4F6EE5C2}.Release|Any CPU.Build.0 = Release|Any CPU
	EndGlobalSection
	GlobalSection(SolutionProperties) = preSolution
		HideSolutionNode = FALSE
	EndGlobalSection
	GlobalSection(ExtensibilityGlobals) = postSolution
		SolutionGuid = {A7D30A40-5EC5-454A-8649-C2C7B526F079}
	EndGlobalSection
EndGlobal
